
Microsoft Visual Studio Solution File, Format Version 12.00
# Visual Studio Version 17
VisualStudioVersion = 17.7.34003.232
MinimumVisualStudioVersion = 10.0.40219.1
Project("{FAE04EC0-301F-11D3-BF4B-00C04F79EFBC}") = "Game-Assignment3", "Game-Assignment3\Game-Assignment3.csproj", "{5137CF3C-1BF3-4989-AB68-469702DA643E}"
EndProject
Global
	GlobalSection(SolutionConfigurationPlatforms) = preSolution
		Debug|Any CPU = Debug|Any CPU
		Release|Any CPU = Release|Any CPU
	EndGlobalSection
	GlobalSection(ProjectConfigurationPlatforms) = postSolution
		{5137CF3C-1BF3-4989-AB68-469702DA643E}.Debug|Any CPU.ActiveCfg = Debug|Any CPU
		{5137CF3C-1BF3-4989-AB68-469702DA643E}.Debug|Any CPU.Build.0 = Debug|Any CPU
		{5137CF3C-1BF3-4989-AB68-469702DA643E}.Release|Any CPU.ActiveCfg = Release|Any CPU
		{5137CF3C-1BF3-4989-AB68-469702DA643E}.Release|Any CPU.Build.0 = Release|Any CPU
	EndGlobalSection
	GlobalSection(SolutionProperties) = preSolution
		HideSolutionNode = FALSE
	EndGlobalSection
	GlobalSection(ExtensibilityGlobals) = postSolution
		SolutionGuid = {44184B3E-EFA5-4D77-9362-486B2B37AB79}
	EndGlobalSection
EndGlobal
